# Veredas da Trama Billing backend dependency lock
# Generated from the exact Python 3.12/Linux runtime resolver environment.
# Install with: python -m pip install --require-hashes -r requirements.lock
blinker==1.9.0 --hash=sha256:ba0efaa9080b619ff2f3459d1d500c57bddea4a6b424b60a91141db6fd2f08bc
certifi==2026.7.22 --hash=sha256:62f22742b58a1a33014a2b6b706588a8d7e2a88ae7bd1a6ebe8c992928483775
cffi==2.1.1 --hash=sha256:c1453022f490d2459a11819d83ad1d586e9ff65a12ac3e705ffebd46d3685dcf
charset-normalizer==3.5.0 --hash=sha256:14f6904a3cf870abf044df3a8c4924ac6c8ef77e9896586fd37e73ae96cff2af
click==8.4.2 --hash=sha256:e6f9f66136c816745b9d65817da91d61d957fb16e02e4dcd0552553c5a197b76
cryptography==50.0.0 --hash=sha256:82148ec5bddac30b51a5b3c1945075f896fa022cb93f8e4a01e9f6ee95292c5f
Flask==3.1.3 --hash=sha256:f4bcbefc124291925f1a26446da31a5178f9483862233b23c0c96a20701f670c
google-api-core==2.34.0 --hash=sha256:cdf9c67e7ca2402d86ccbfde5f2503fc83e3cc3f58cc78456ae96cad24a6d2de
google-auth==2.56.3 --hash=sha256:8ec438808f813ad034535000261eed1067475d229d05bbf4216e78c3f2362e53
google-cloud-core==2.6.1 --hash=sha256:2682a8a4474a32f56292fb4bca7fa7e4fb0b4af958f6abfe4bca8d195747fd45
google-cloud-firestore==2.28.0 --hash=sha256:055daab3e5fb292f389b4e7d9e03dffb30f38a3463c23363f93d25569c933e59
googleapis-common-protos==1.75.1 --hash=sha256:28a1934bcd33b9c9da66ac301a0a4227e3367f095a17d0375cb98f0a09d93b79
grpcio==1.83.0 --hash=sha256:aeb339838db07600481ef869507279b75326c75eac6d10f7afa62a0da1d2bcdd
grpcio-status==1.83.0 --hash=sha256:f6a838a7c5fb84ae98833ec0ef81ed438c26e11e54b2ddb8e92ad328c861de69
gunicorn==26.0.0 --hash=sha256:40233d26a5f0d1872916188c276e21641155111c2853f0c2cd55260aec0d24fc
idna==3.18 --hash=sha256:7f952cbe720b688055e3f87de14f5c3e5fdaa8bc3928985c4077ca689de849a2
itsdangerous==2.2.0 --hash=sha256:c6242fc49e35958c8b15141343aa660db5fc54d4f13a1db01a3f5891b98700ef
Jinja2==3.1.6 --hash=sha256:85ece4451f492d0c13c5dd7c13a64681a86afae63a5f347908daf103ce6d2f67
MarkupSafe==3.0.3 --hash=sha256:d6dd0be5b5b189d31db7cda48b91d7e0a9795f31430b7f271219ab30f1d3ac9d
packaging==26.3 --hash=sha256:d7193f7c8e4e93f444fde0262bf90af30e16fa0ad0ad44cb553c87339b23cd1c
proto-plus==1.28.3 --hash=sha256:dc76880b8ee951cca002098574376cf71e055f9f16d9ba6570fb8a06f726d281
protobuf==7.35.1 --hash=sha256:74758715c53d7158fb76caf4f0cfdacc5329a4b1bb994f865d6cf302d413a1c4
pyasn1==0.6.4 --hash=sha256:deda9277cfd454080ec40b207fb6df82206a3a2688735233cdcd8d3d565f088b
pyasn1_modules==0.4.2 --hash=sha256:29253a9207ce32b64c3ac6600edc75368f98473906e8fd1043bd6b5b1de2c14a
pycparser==3.0 --hash=sha256:b727414169a36b7d524c1c3e31839a521725078d7b2ff038656844266160a992
requests==2.34.2 --hash=sha256:2a0d60c172f83ac6ab31e4554906c0f3b3588d37b5cb939b1c061f4907e278e0
typing_extensions==4.16.0 --hash=sha256:481caa481374e813c1b176ada14e97f1f67a4539ce9cfeb3f350d78d6370c2e8
urllib3==2.7.0 --hash=sha256:9fb4c81ebbb1ce9531cce37674bbc6f1360472bc18ca9a553ede278ef7276897
Werkzeug==3.1.8 --hash=sha256:63a77fb8892bf28ebc3178683445222aa500e48ebad5ec77b0ad80f8726b1f50
